
Microsoft Visual Studio Solution File, Format Version 12.00
# Visual Studio Version 17
VisualStudioVersion = 17.11.35303.130
MinimumVisualStudioVersion = 10.0.40219.1
Project("{2150E333-8FDC-42A3-9474-1A3956D46DE8}") = "Services", "Services", "{FC1980F8-0948-42B1-8BB4-4AD54E58145B}"
EndProject
Project("{2150E333-8FDC-42A3-9474-1A3956D46DE8}") = "Catalog", "Catalog", "{54EB5EF7-DECE-494F-9E11-4224162E264B}"
EndProject
Project("{9A19103F-16F7-4668-BE54-9A1E7A4F7556}") = "Catalog.API", "Services\Catalog\Catalog.API\Catalog.API.csproj", "{F90CDA87-407A-4722-920C-FD54626CC5ED}"
EndProject
Project("{2150E333-8FDC-42A3-9474-1A3956D46DE8}") = "BuildingBlocks", "BuildingBlocks", "{4DB75B7B-E98C-49A6-A94E-FED79D3E0D82}"
EndProject
Project("{9A19103F-16F7-4668-BE54-9A1E7A4F7556}") = "BuildingBlocks", "BuildingBlocks\BuildingBlocks\BuildingBlocks.csproj", "{DE21B138-75B2-46F1-A93A-DF39D7A5201B}"
EndProject
Global
	GlobalSection(SolutionConfigurationPlatforms) = preSolution
		Debug|Any CPU = Debug|Any CPU
		NoVariablesDefault|Any CPU = NoVariablesDefault|Any CPU
		Release|Any CPU = Release|Any CPU
	EndGlobalSection
	GlobalSection(ProjectConfigurationPlatforms) = postSolution
		{F90CDA87-407A-4722-920C-FD54626CC5ED}.Debug|Any CPU.ActiveCfg = Debug|Any CPU
		{F90CDA87-407A-4722-920C-FD54626CC5ED}.Debug|Any CPU.Build.0 = Debug|Any CPU
		{F90CDA87-407A-4722-920C-FD54626CC5ED}.NoVariablesDefault|Any CPU.ActiveCfg = Debug|Any CPU
		{F90CDA87-407A-4722-920C-FD54626CC5ED}.NoVariablesDefault|Any CPU.Build.0 = Debug|Any CPU
		{F90CDA87-407A-4722-920C-FD54626CC5ED}.Release|Any CPU.ActiveCfg = Release|Any CPU
		{F90CDA87-407A-4722-920C-FD54626CC5ED}.Release|Any CPU.Build.0 = Release|Any CPU
		{DE21B138-75B2-46F1-A93A-DF39D7A5201B}.Debug|Any CPU.ActiveCfg = Debug|Any CPU
		{DE21B138-75B2-46F1-A93A-DF39D7A5201B}.Debug|Any CPU.Build.0 = Debug|Any CPU
		{DE21B138-75B2-46F1-A93A-DF39D7A5201B}.NoVariablesDefault|Any CPU.ActiveCfg = Debug|Any CPU
		{DE21B138-75B2-46F1-A93A-DF39D7A5201B}.NoVariablesDefault|Any CPU.Build.0 = Debug|Any CPU
		{DE21B138-75B2-46F1-A93A-DF39D7A5201B}.Release|Any CPU.ActiveCfg = Release|Any CPU
		{DE21B138-75B2-46F1-A93A-DF39D7A5201B}.Release|Any CPU.Build.0 = Release|Any CPU
	EndGlobalSection
	GlobalSection(SolutionProperties) = preSolution
		HideSolutionNode = FALSE
	EndGlobalSection
	GlobalSection(NestedProjects) = preSolution
		{54EB5EF7-DECE-494F-9E11-4224162E264B} = {FC1980F8-0948-42B1-8BB4-4AD54E58145B}
		{F90CDA87-407A-4722-920C-FD54626CC5ED} = {54EB5EF7-DECE-494F-9E11-4224162E264B}
		{DE21B138-75B2-46F1-A93A-DF39D7A5201B} = {4DB75B7B-E98C-49A6-A94E-FED79D3E0D82}
	EndGlobalSection
	GlobalSection(ExtensibilityGlobals) = postSolution
		SolutionGuid = {AD4014CA-C4FC-467A-9E72-CA91CFA15269}
	EndGlobalSection
EndGlobal
